
Microsoft Visual Studio Solution File, Format Version 12.00
# Visual Studio Version 17
VisualStudioVersion = 17.1.32210.238
MinimumVisualStudioVersion = 10.0.40219.1
Project("{FAE04EC0-301F-11D3-BF4B-00C04F79EFBC}") = "BAK.Web.Map", "BAK.Web.Map.csproj", "{66707FAF-4871-4EBA-989D-E1C95CE99BDB}"
EndProject
Global
	GlobalSection(SolutionConfigurationPlatforms) = preSolution
		Debug|Any CPU = Debug|Any CPU
		Release|Any CPU = Release|Any CPU
	EndGlobalSection
	GlobalSection(ProjectConfigurationPlatforms) = postSolution
		{66707FAF-4871-4EBA-989D-E1C95CE99BDB}.Debug|Any CPU.ActiveCfg = Debug|Any CPU
		{66707FAF-4871-4EBA-989D-E1C95CE99BDB}.Debug|Any CPU.Build.0 = Debug|Any CPU
		{66707FAF-4871-4EBA-989D-E1C95CE99BDB}.Release|Any CPU.ActiveCfg = Release|Any CPU
		{66707FAF-4871-4EBA-989D-E1C95CE99BDB}.Release|Any CPU.Build.0 = Release|Any CPU
	EndGlobalSection
	GlobalSection(SolutionProperties) = preSolution
		HideSolutionNode = FALSE
	EndGlobalSection
	GlobalSection(ExtensibilityGlobals) = postSolution
		SolutionGuid = {1E08E0E2-CAD5-462D-8A47-E0651FCF3059}
	EndGlobalSection
EndGlobal
